
Microsoft Visual Studio Solution File, Format Version 12.00
# Visual Studio Version 16
VisualStudioVersion = 16.0.29728.190
MinimumVisualStudioVersion = 10.0.40219.1
Project("{FAE04EC0-301F-11D3-BF4B-00C04F79EFBC}") = "LabWork5", "LabWork5\LabWork5.csproj", "{3889C6AF-5A3A-499C-BDB3-DAFBD6659133}"
EndProject
Global
	GlobalSection(SolutionConfigurationPlatforms) = preSolution
		Debug|Any CPU = Debug|Any CPU
		Release|Any CPU = Release|Any CPU
	EndGlobalSection
	GlobalSection(ProjectConfigurationPlatforms) = postSolution
		{3889C6AF-5A3A-499C-BDB3-DAFBD6659133}.Debug|Any CPU.ActiveCfg = Debug|Any CPU
		{3889C6AF-5A3A-499C-BDB3-DAFBD6659133}.Debug|Any CPU.Build.0 = Debug|Any CPU
		{3889C6AF-5A3A-499C-BDB3-DAFBD6659133}.Release|Any CPU.ActiveCfg = Release|Any CPU
		{3889C6AF-5A3A-499C-BDB3-DAFBD6659133}.Release|Any CPU.Build.0 = Release|Any CPU
	EndGlobalSection
	GlobalSection(SolutionProperties) = preSolution
		HideSolutionNode = FALSE
	EndGlobalSection
	GlobalSection(ExtensibilityGlobals) = postSolution
		SolutionGuid = {551C3764-AD46-4664-AD2A-46402EC2224C}
	EndGlobalSection
EndGlobal
